
Microsoft Visual Studio Solution File, Format Version 12.00
# Visual Studio 15
VisualStudioVersion = 15.0.27130.2010
MinimumVisualStudioVersion = 10.0.40219.1
Project("{FAE04EC0-301F-11D3-BF4B-00C04F79EFBC}") = "atmLogin", "atmLogin\atmLogin.csproj", "{C4721188-8591-4D5D-8781-15D7EFC1AE99}"
EndProject
Global
	GlobalSection(SolutionConfigurationPlatforms) = preSolution
		Debug|Any CPU = Debug|Any CPU
		Release|Any CPU = Release|Any CPU
	EndGlobalSection
	GlobalSection(ProjectConfigurationPlatforms) = postSolution
		{C4721188-8591-4D5D-8781-15D7EFC1AE99}.Debug|Any CPU.ActiveCfg = Debug|Any CPU
		{C4721188-8591-4D5D-8781-15D7EFC1AE99}.Debug|Any CPU.Build.0 = Debug|Any CPU
		{C4721188-8591-4D5D-8781-15D7EFC1AE99}.Release|Any CPU.ActiveCfg = Release|Any CPU
		{C4721188-8591-4D5D-8781-15D7EFC1AE99}.Release|Any CPU.Build.0 = Release|Any CPU
	EndGlobalSection
	GlobalSection(SolutionProperties) = preSolution
		HideSolutionNode = FALSE
	EndGlobalSection
	GlobalSection(ExtensibilityGlobals) = postSolution
		SolutionGuid = {1C2C899F-9C5D-4D32-9050-18779AEEE4A5}
	EndGlobalSection
EndGlobal
